
Microsoft Visual Studio Solution File, Format Version 12.00
# Visual Studio Version 16
VisualStudioVersion = 16.0.31025.194
MinimumVisualStudioVersion = 10.0.40219.1
Project("{FAE04EC0-301F-11D3-BF4B-00C04F79EFBC}") = "Cv5", "Cv5.csproj", "{3352BD98-C13A-42B1-9768-7B04D4EB4920}"
EndProject
Global
	GlobalSection(SolutionConfigurationPlatforms) = preSolution
		Debug|Any CPU = Debug|Any CPU
		Release|Any CPU = Release|Any CPU
	EndGlobalSection
	GlobalSection(ProjectConfigurationPlatforms) = postSolution
		{3352BD98-C13A-42B1-9768-7B04D4EB4920}.Debug|Any CPU.ActiveCfg = Debug|Any CPU
		{3352BD98-C13A-42B1-9768-7B04D4EB4920}.Debug|Any CPU.Build.0 = Debug|Any CPU
		{3352BD98-C13A-42B1-9768-7B04D4EB4920}.Release|Any CPU.ActiveCfg = Release|Any CPU
		{3352BD98-C13A-42B1-9768-7B04D4EB4920}.Release|Any CPU.Build.0 = Release|Any CPU
	EndGlobalSection
	GlobalSection(SolutionProperties) = preSolution
		HideSolutionNode = FALSE
	EndGlobalSection
	GlobalSection(ExtensibilityGlobals) = postSolution
		SolutionGuid = {139204DE-FBED-4E36-824F-8C333F1ED421}
	EndGlobalSection
EndGlobal
